
Microsoft Visual Studio Solution File, Format Version 12.00
# Visual Studio Version 16
VisualStudioVersion = 16.0.30611.23
MinimumVisualStudioVersion = 10.0.40219.1
Project("{9A19103F-16F7-4668-BE54-9A1E7A4F7556}") = "DataAccess", "DataAccess\DataAccess.csproj", "{403B16EC-AC5E-4348-A65B-44C73AC010FA}"
EndProject
Project("{9A19103F-16F7-4668-BE54-9A1E7A4F7556}") = "Business", "Business\Business.csproj", "{4BAC0171-A1E5-4702-9766-A27AC9925633}"
EndProject
Project("{9A19103F-16F7-4668-BE54-9A1E7A4F7556}") = "Entities", "Entities\Entities.csproj", "{2FFC73F6-071E-4C39-A26F-9FDFCDBEC11D}"
EndProject
Project("{9A19103F-16F7-4668-BE54-9A1E7A4F7556}") = "ConsoleUI", "ConsoleUI\ConsoleUI.csproj", "{3DF59694-AAAC-4D7B-9871-A571C5FC143A}"
EndProject
Project("{9A19103F-16F7-4668-BE54-9A1E7A4F7556}") = "Core", "Core\Core.csproj", "{71EAABC3-8BE8-46A1-B0CC-2891A6FB2D92}"
EndProject
Global
	GlobalSection(SolutionConfigurationPlatforms) = preSolution
		Debug|Any CPU = Debug|Any CPU
		Release|Any CPU = Release|Any CPU
	EndGlobalSection
	GlobalSection(ProjectConfigurationPlatforms) = postSolution
		{403B16EC-AC5E-4348-A65B-44C73AC010FA}.Debug|Any CPU.ActiveCfg = Debug|Any CPU
		{403B16EC-AC5E-4348-A65B-44C73AC010FA}.Debug|Any CPU.Build.0 = Debug|Any CPU
		{403B16EC-AC5E-4348-A65B-44C73AC010FA}.Release|Any CPU.ActiveCfg = Release|Any CPU
		{403B16EC-AC5E-4348-A65B-44C73AC010FA}.Release|Any CPU.Build.0 = Release|Any CPU
		{4BAC0171-A1E5-4702-9766-A27AC9925633}.Debug|Any CPU.ActiveCfg = Debug|Any CPU
		{4BAC0171-A1E5-4702-9766-A27AC9925633}.Debug|Any CPU.Build.0 = Debug|Any CPU
		{4BAC0171-A1E5-4702-9766-A27AC9925633}.Release|Any CPU.ActiveCfg = Release|Any CPU
		{4BAC0171-A1E5-4702-9766-A27AC9925633}.Release|Any CPU.Build.0 = Release|Any CPU
		{2FFC73F6-071E-4C39-A26F-9FDFCDBEC11D}.Debug|Any CPU.ActiveCfg = Debug|Any CPU
		{2FFC73F6-071E-4C39-A26F-9FDFCDBEC11D}.Debug|Any CPU.Build.0 = Debug|Any CPU
		{2FFC73F6-071E-4C39-A26F-9FDFCDBEC11D}.Release|Any CPU.ActiveCfg = Release|Any CPU
		{2FFC73F6-071E-4C39-A26F-9FDFCDBEC11D}.Release|Any CPU.Build.0 = Release|Any CPU
		{3DF59694-AAAC-4D7B-9871-A571C5FC143A}.Debug|Any CPU.ActiveCfg = Debug|Any CPU
		{3DF59694-AAAC-4D7B-9871-A571C5FC143A}.Debug|Any CPU.Build.0 = Debug|Any CPU
		{3DF59694-AAAC-4D7B-9871-A571C5FC143A}.Release|Any CPU.ActiveCfg = Release|Any CPU
		{3DF59694-AAAC-4D7B-9871-A571C5FC143A}.Release|Any CPU.Build.0 = Release|Any CPU
		{71EAABC3-8BE8-46A1-B0CC-2891A6FB2D92}.Debug|Any CPU.ActiveCfg = Debug|Any CPU
		{71EAABC3-8BE8-46A1-B0CC-2891A6FB2D92}.Debug|Any CPU.Build.0 = Debug|Any CPU
		{71EAABC3-8BE8-46A1-B0CC-2891A6FB2D92}.Release|Any CPU.ActiveCfg = Release|Any CPU
		{71EAABC3-8BE8-46A1-B0CC-2891A6FB2D92}.Release|Any CPU.Build.0 = Release|Any CPU
	EndGlobalSection
	GlobalSection(SolutionProperties) = preSolution
		HideSolutionNode = FALSE
	EndGlobalSection
	GlobalSection(ExtensibilityGlobals) = postSolution
		SolutionGuid = {7F7DFD4E-FD04-4E21-BCAF-6F5EA7A0C3CB}
	EndGlobalSection
EndGlobal
